langcode: en
status: true
dependencies:
  module:
    - node
    - system
    - views
  theme:
    - bartik
id: views_block__product_listing_dropdown_menu_block
theme: bartik
region: content
weight: -3
provider: null
plugin: 'views_block:product_listing_dropdown_menu_block-product_listing_dropdown_menu'
settings:
  id: 'views_block:product_listing_dropdown_menu_block-product_listing_dropdown_menu'
  label: ''
  provider: views
  label_display: '0'
  views_label: ''
  items_per_page: none
visibility:
  node_type:
    id: node_type
    bundles:
      product: product
    negate: false
    context_mapping:
      node: '@node.node_route_context:node'
  request_path:
    id: request_path
    pages: "/node/add/product\r\n/node/*/edit"
    negate: true
    context_mapping: {  }
